{
  "name": "node-red-contrib-hal2",
  "version": "0.9.0",
  "lockfileVersion": 1,
  "requires": true,
  "dependencies": {
    "mqtt-match": {
      "version": "1.0.3",
      "resolved": "https://registry.npmjs.org/mqtt-match/-/mqtt-match-1.0.3.tgz",
      "integrity": "sha512-nfeAp+chyjVeIvvrgMhQCfDAIVp/zXX8rtxHQwuAWuapqAdFs1F0kIekG445ps3xs/qFPK6l2xRlAyiqqwbmrQ=="
    },
    "mqtt-pattern": {
      "version": "1.2.0",
      "resolved": "https://registry.npmjs.org/mqtt-pattern/-/mqtt-pattern-1.2.0.tgz",
      "integrity": "sha512-5tvJTrMXcvAWRc4J+YW0pnZOLi20yXFX1R7cjB0291X9aRFPyO+5vbh/kHVwUlNPfJuwijcvrd/AmwDLe1021w==",
      "requires": {
        "mqtt-match": "^1.0.2"
      }
    }
  }
}
